{
  "name": "intro-cs",
  "version": "1.0.0",
  "lockfileVersion": 1,
  "requires": true,
  "dependencies": {
    "luxon": {
      "version": "1.12.0",
      "resolved": "https://registry.npmjs.org/luxon/-/luxon-1.12.0.tgz",
      "integrity": "sha512-enPnPIHd5ZnZT0vpj9Xv8aq4j0yueAkhnh4xUKUHpqlgSm1r/8s6xTMjfyp2ugOWP7zivqJqgVTkW+rpHed61w=="
    }
  }
}
